
Microsoft Visual Studio Solution File, Format Version 12.00
# Visual Studio Version 17
VisualStudioVersion = 17.2.32602.215
MinimumVisualStudioVersion = 10.0.40219.1
Project("{FAE04EC0-301F-11D3-BF4B-00C04F79EFBC}") = "uHelper", "uHelper.csproj", "{07092039-4232-4E8F-9B63-997695E3A17C}"
EndProject
Global
	GlobalSection(SolutionConfigurationPlatforms) = preSolution
		Debug|Any CPU = Debug|Any CPU
		Release|Any CPU = Release|Any CPU
	EndGlobalSection
	GlobalSection(ProjectConfigurationPlatforms) = postSolution
		{07092039-4232-4E8F-9B63-997695E3A17C}.Debug|Any CPU.ActiveCfg = Debug|Any CPU
		{07092039-4232-4E8F-9B63-997695E3A17C}.Debug|Any CPU.Build.0 = Debug|Any CPU
		{07092039-4232-4E8F-9B63-997695E3A17C}.Release|Any CPU.ActiveCfg = Release|Any CPU
		{07092039-4232-4E8F-9B63-997695E3A17C}.Release|Any CPU.Build.0 = Release|Any CPU
	EndGlobalSection
	GlobalSection(SolutionProperties) = preSolution
		HideSolutionNode = FALSE
	EndGlobalSection
	GlobalSection(ExtensibilityGlobals) = postSolution
		SolutionGuid = {14854CC5-36FC-4CDD-B94C-DE7AEE5BBA80}
	EndGlobalSection
EndGlobal
